Microsoft Visual Studio Solution File, Format Version 12.00
# Visual Studio Version 17
VisualStudioVersion = 17.5.2.0
MinimumVisualStudioVersion = 10.0.40219.1
Project("{FAE04EC0-301F-11D3-BF4B-00C04F79EFBC}") = "OmniCatzCB", "OmniCatzCB.csproj", "{B5C9ACD2-6FB9-9BB0-8CCD-7E76A8543D3A}"
EndProject
Global
	GlobalSection(SolutionConfigurationPlatforms) = preSolution
		Debug|Any CPU = Debug|Any CPU
		Release|Any CPU = Release|Any CPU
	EndGlobalSection
	GlobalSection(ProjectConfigurationPlatforms) = postSolution
		{B5C9ACD2-6FB9-9BB0-8CCD-7E76A8543D3A}.Debug|Any CPU.ActiveCfg = Debug|Any CPU
		{B5C9ACD2-6FB9-9BB0-8CCD-7E76A8543D3A}.Debug|Any CPU.Build.0 = Debug|Any CPU
		{B5C9ACD2-6FB9-9BB0-8CCD-7E76A8543D3A}.Release|Any CPU.ActiveCfg = Release|Any CPU
		{B5C9ACD2-6FB9-9BB0-8CCD-7E76A8543D3A}.Release|Any CPU.Build.0 = Release|Any CPU
	EndGlobalSection
	GlobalSection(SolutionProperties) = preSolution
		HideSolutionNode = FALSE
	EndGlobalSection
	GlobalSection(ExtensibilityGlobals) = postSolution
		SolutionGuid = {A5A81396-F536-4718-901F-B47DA1B9D3CB}
	EndGlobalSection
EndGlobal
